Microsoft Visual Studio Solution File, Format Version 12.00
# Visual Studio Version 18
VisualStudioVersion = 18.3.11429.125 d18.3
MinimumVisualStudioVersion = 10.0.40219.1
Project("{9A19103F-16F7-4668-BE54-9A1E7A4F7556}") = "Soenneker.Quark.Gen.Tailwind", "src\Soenneker.Quark.Gen.Tailwind\Soenneker.Quark.Gen.Tailwind.csproj", "{41850636-33B4-4228-AE59-A2113F66B9FA}"
EndProject
Project("{2150E333-8FDC-42A3-9474-1A3956D46DE8}") = ".github", ".github", "{4E42254D-039C-40ED-B3F4-8C1A94A366D1}"
	ProjectSection(SolutionItems) = preProject
		.github\renovate.json = .github\renovate.json
	EndProjectSection
EndProject
Project("{2150E333-8FDC-42A3-9474-1A3956D46DE8}") = "workflows", "workflows", "{D786EC1A-4F59-412F-8624-83E6E3525B0C}"
	ProjectSection(SolutionItems) = preProject
		.github\workflows\build-and-test.yml = .github\workflows\build-and-test.yml
		.github\workflows\publish-package.yml = .github\workflows\publish-package.yml
	EndProjectSection
EndProject
Project("{9A19103F-16F7-4668-BE54-9A1E7A4F7556}") = "Soenneker.Quark.Gen.Tailwind.Tests", "test\Soenneker.Quark.Gen.Tailwind.Tests\Soenneker.Quark.Gen.Tailwind.Tests.csproj", "{6456E465-9523-4612-9115-9D9B585B42E8}"
EndProject
Project("{2150E333-8FDC-42A3-9474-1A3956D46DE8}") = "src", "src", "{81EF41E6-82F4-404F-9FCE-049B4CBCE196}"
EndProject
Project("{2150E333-8FDC-42A3-9474-1A3956D46DE8}") = "test", "test", "{47FB874E-6667-4D2D-AB56-2BE057BDE46F}"
EndProject
Project("{FAE04EC0-301F-11D3-BF4B-00C04F79EFBC}") = "Soenneker.Quark.Gen.Tailwind.BuildTasks", "src\Soenneker.Quark.Gen.Tailwind.BuildTasks\Soenneker.Quark.Gen.Tailwind.BuildTasks.csproj", "{5439E5DA-CD84-249B-8C5A-DDD0D72A0C80}"
EndProject
Project("{FAE04EC0-301F-11D3-BF4B-00C04F79EFBC}") = "Soenneker.Quark.Gen.Tailwind.Demo", "test\Soenneker.Quark.Gen.Tailwind.Demo\Soenneker.Quark.Gen.Tailwind.Demo.csproj", "{E4E5FD89-685F-4237-BD37-0389035BDCF7}"
EndProject
Project("{FAE04EC0-301F-11D3-BF4B-00C04F79EFBC}") = "Soenneker.Quark.Suite", "..\soenneker.quark.suite\src\Soenneker.Quark.Suite.csproj", "{9FAD48BF-9001-309D-E574-1443FF62400D}"
EndProject
Project("{FAE04EC0-301F-11D3-BF4B-00C04F79EFBC}") = "Soenneker.Quark.Suite.Demo", "..\soenneker.quark.suite\test\Soenneker.Quark.Suite.Demo\Soenneker.Quark.Suite.Demo.csproj", "{8C533FA5-EF64-F2F2-2222-6A3042DDC47B}"
EndProject
Global
	GlobalSection(SolutionConfigurationPlatforms) = preSolution
		Debug|Any CPU = Debug|Any CPU
		Release|Any CPU = Release|Any CPU
	EndGlobalSection
	GlobalSection(ProjectConfigurationPlatforms) = postSolution
		{41850636-33B4-4228-AE59-A2113F66B9FA}.Debug|Any CPU.ActiveCfg = Debug|Any CPU
		{41850636-33B4-4228-AE59-A2113F66B9FA}.Debug|Any CPU.Build.0 = Debug|Any CPU
		{41850636-33B4-4228-AE59-A2113F66B9FA}.Release|Any CPU.ActiveCfg = Release|Any CPU
		{41850636-33B4-4228-AE59-A2113F66B9FA}.Release|Any CPU.Build.0 = Release|Any CPU
		{6456E465-9523-4612-9115-9D9B585B42E8}.Debug|Any CPU.ActiveCfg = Debug|Any CPU
		{6456E465-9523-4612-9115-9D9B585B42E8}.Debug|Any CPU.Build.0 = Debug|Any CPU
		{6456E465-9523-4612-9115-9D9B585B42E8}.Release|Any CPU.ActiveCfg = Release|Any CPU
		{6456E465-9523-4612-9115-9D9B585B42E8}.Release|Any CPU.Build.0 = Release|Any CPU
		{5439E5DA-CD84-249B-8C5A-DDD0D72A0C80}.Debug|Any CPU.ActiveCfg = Debug|Any CPU
		{5439E5DA-CD84-249B-8C5A-DDD0D72A0C80}.Debug|Any CPU.Build.0 = Debug|Any CPU
		{5439E5DA-CD84-249B-8C5A-DDD0D72A0C80}.Release|Any CPU.ActiveCfg = Release|Any CPU
		{5439E5DA-CD84-249B-8C5A-DDD0D72A0C80}.Release|Any CPU.Build.0 = Release|Any CPU
		{E4E5FD89-685F-4237-BD37-0389035BDCF7}.Debug|Any CPU.ActiveCfg = Debug|Any CPU
		{E4E5FD89-685F-4237-BD37-0389035BDCF7}.Debug|Any CPU.Build.0 = Debug|Any CPU
		{E4E5FD89-685F-4237-BD37-0389035BDCF7}.Release|Any CPU.ActiveCfg = Release|Any CPU
		{E4E5FD89-685F-4237-BD37-0389035BDCF7}.Release|Any CPU.Build.0 = Release|Any CPU
		{9FAD48BF-9001-309D-E574-1443FF62400D}.Debug|Any CPU.ActiveCfg = Debug|Any CPU
		{9FAD48BF-9001-309D-E574-1443FF62400D}.Debug|Any CPU.Build.0 = Debug|Any CPU
		{9FAD48BF-9001-309D-E574-1443FF62400D}.Release|Any CPU.ActiveCfg = Release|Any CPU
		{9FAD48BF-9001-309D-E574-1443FF62400D}.Release|Any CPU.Build.0 = Release|Any CPU
		{8C533FA5-EF64-F2F2-2222-6A3042DDC47B}.Debug|Any CPU.ActiveCfg = Debug|Any CPU
		{8C533FA5-EF64-F2F2-2222-6A3042DDC47B}.Debug|Any CPU.Build.0 = Debug|Any CPU
		{8C533FA5-EF64-F2F2-2222-6A3042DDC47B}.Release|Any CPU.ActiveCfg = Release|Any CPU
		{8C533FA5-EF64-F2F2-2222-6A3042DDC47B}.Release|Any CPU.Build.0 = Release|Any CPU
	EndGlobalSection
	GlobalSection(SolutionProperties) = preSolution
		HideSolutionNode = FALSE
	EndGlobalSection
	GlobalSection(NestedProjects) = preSolution
		{41850636-33B4-4228-AE59-A2113F66B9FA} = {81EF41E6-82F4-404F-9FCE-049B4CBCE196}
		{D786EC1A-4F59-412F-8624-83E6E3525B0C} = {4E42254D-039C-40ED-B3F4-8C1A94A366D1}
		{6456E465-9523-4612-9115-9D9B585B42E8} = {47FB874E-6667-4D2D-AB56-2BE057BDE46F}
		{5439E5DA-CD84-249B-8C5A-DDD0D72A0C80} = {81EF41E6-82F4-404F-9FCE-049B4CBCE196}
		{E4E5FD89-685F-4237-BD37-0389035BDCF7} = {47FB874E-6667-4D2D-AB56-2BE057BDE46F}
	EndGlobalSection
	GlobalSection(ExtensibilityGlobals) = postSolution
		SolutionGuid = {B849EC5C-B7B3-4C90-9B66-CBC15CCB776A}
	EndGlobalSection
EndGlobal
